
Microsoft Visual Studio Solution File, Format Version 12.00
# Visual Studio Version 17
VisualStudioVersion = 17.1.32421.90
MinimumVisualStudioVersion = 10.0.40219.1
Project("{2150E333-8FDC-42A3-9474-1A3956D46DE8}") = "Test", "Test", "{313239D7-1353-4380-8EC1-49D82CE2A913}"
EndProject
Project("{2150E333-8FDC-42A3-9474-1A3956D46DE8}") = "Src", "Src", "{AE439B52-041E-4AAE-9D7A-801F6358614F}"
EndProject
Project("{2150E333-8FDC-42A3-9474-1A3956D46DE8}") = "Solution Items", "Solution Items", "{F473D995-0A0B-4751-B586-873235A7EBCA}"
	ProjectSection(SolutionItems) = preProject
		.dockerignore = .dockerignore
		.gitignore = .gitignore
		.github\workflows\codeql-analysis.yml = .github\workflows\codeql-analysis.yml
		Dockerfile = Dockerfile
		LICENSE = LICENSE
		README.md = README.md
	EndProjectSection
EndProject
Project("{9A19103F-16F7-4668-BE54-9A1E7A4F7556}") = "WaferMovie.Application", "Src\WaferMovie.Application\WaferMovie.Application.csproj", "{CD2D0AAF-8A01-45AB-A6B7-EE233B7AD880}"
EndProject
Project("{9A19103F-16F7-4668-BE54-9A1E7A4F7556}") = "WaferMovie.Domain", "Src\WaferMovie.Domain\WaferMovie.Domain.csproj", "{94FA0BC2-503C-4541-AB36-CBEB3DC4047B}"
EndProject
Project("{9A19103F-16F7-4668-BE54-9A1E7A4F7556}") = "WaferMovie.Infrastructure", "Src\WaferMovie.Infrastructure\WaferMovie.Infrastructure.csproj", "{0F5A6EF1-B19D-4D44-BF48-5C1FAC85E918}"
EndProject
Project("{9A19103F-16F7-4668-BE54-9A1E7A4F7556}") = "WaferMovie.Web", "Src\WaferMovie.Web\WaferMovie.Web.csproj", "{4228182F-FEE4-449A-83AB-F6B31BD94F13}"
EndProject
Project("{FAE04EC0-301F-11D3-BF4B-00C04F79EFBC}") = "WaferMovie.Application.Test", "Test\WaferMovie.Application.Test\WaferMovie.Application.Test.csproj", "{990AA45B-947A-4F70-845C-E067FAD6D940}"
EndProject
Global
	GlobalSection(SolutionConfigurationPlatforms) = preSolution
		Debug|Any CPU = Debug|Any CPU
		Release|Any CPU = Release|Any CPU
	EndGlobalSection
	GlobalSection(ProjectConfigurationPlatforms) = postSolution
		{CD2D0AAF-8A01-45AB-A6B7-EE233B7AD880}.Debug|Any CPU.ActiveCfg = Debug|Any CPU
		{CD2D0AAF-8A01-45AB-A6B7-EE233B7AD880}.Debug|Any CPU.Build.0 = Debug|Any CPU
		{CD2D0AAF-8A01-45AB-A6B7-EE233B7AD880}.Release|Any CPU.ActiveCfg = Release|Any CPU
		{CD2D0AAF-8A01-45AB-A6B7-EE233B7AD880}.Release|Any CPU.Build.0 = Release|Any CPU
		{94FA0BC2-503C-4541-AB36-CBEB3DC4047B}.Debug|Any CPU.ActiveCfg = Debug|Any CPU
		{94FA0BC2-503C-4541-AB36-CBEB3DC4047B}.Debug|Any CPU.Build.0 = Debug|Any CPU
		{94FA0BC2-503C-4541-AB36-CBEB3DC4047B}.Release|Any CPU.ActiveCfg = Release|Any CPU
		{94FA0BC2-503C-4541-AB36-CBEB3DC4047B}.Release|Any CPU.Build.0 = Release|Any CPU
		{0F5A6EF1-B19D-4D44-BF48-5C1FAC85E918}.Debug|Any CPU.ActiveCfg = Debug|Any CPU
		{0F5A6EF1-B19D-4D44-BF48-5C1FAC85E918}.Debug|Any CPU.Build.0 = Debug|Any CPU
		{0F5A6EF1-B19D-4D44-BF48-5C1FAC85E918}.Release|Any CPU.ActiveCfg = Release|Any CPU
		{0F5A6EF1-B19D-4D44-BF48-5C1FAC85E918}.Release|Any CPU.Build.0 = Release|Any CPU
		{4228182F-FEE4-449A-83AB-F6B31BD94F13}.Debug|Any CPU.ActiveCfg = Debug|Any CPU
		{4228182F-FEE4-449A-83AB-F6B31BD94F13}.Debug|Any CPU.Build.0 = Debug|Any CPU
		{4228182F-FEE4-449A-83AB-F6B31BD94F13}.Release|Any CPU.ActiveCfg = Release|Any CPU
		{4228182F-FEE4-449A-83AB-F6B31BD94F13}.Release|Any CPU.Build.0 = Release|Any CPU
		{990AA45B-947A-4F70-845C-E067FAD6D940}.Debug|Any CPU.ActiveCfg = Debug|Any CPU
		{990AA45B-947A-4F70-845C-E067FAD6D940}.Debug|Any CPU.Build.0 = Debug|Any CPU
		{990AA45B-947A-4F70-845C-E067FAD6D940}.Release|Any CPU.ActiveCfg = Release|Any CPU
		{990AA45B-947A-4F70-845C-E067FAD6D940}.Release|Any CPU.Build.0 = Release|Any CPU
	EndGlobalSection
	GlobalSection(SolutionProperties) = preSolution
		HideSolutionNode = FALSE
	EndGlobalSection
	GlobalSection(NestedProjects) = preSolution
		{CD2D0AAF-8A01-45AB-A6B7-EE233B7AD880} = {AE439B52-041E-4AAE-9D7A-801F6358614F}
		{94FA0BC2-503C-4541-AB36-CBEB3DC4047B} = {AE439B52-041E-4AAE-9D7A-801F6358614F}
		{0F5A6EF1-B19D-4D44-BF48-5C1FAC85E918} = {AE439B52-041E-4AAE-9D7A-801F6358614F}
		{4228182F-FEE4-449A-83AB-F6B31BD94F13} = {AE439B52-041E-4AAE-9D7A-801F6358614F}
		{990AA45B-947A-4F70-845C-E067FAD6D940} = {313239D7-1353-4380-8EC1-49D82CE2A913}
	EndGlobalSection
	GlobalSection(ExtensibilityGlobals) = postSolution
		SolutionGuid = {37AA6C2E-80AD-4B12-86DA-544F3DE09FEE}
	EndGlobalSection
EndGlobal
